
Microsoft Visual Studio Solution File, Format Version 12.00
# Visual Studio Version 17
VisualStudioVersion = 17.6.33829.357
MinimumVisualStudioVersion = 10.0.40219.1
Project("{9A19103F-16F7-4668-BE54-9A1E7A4F7556}") = "StudioHair.Core", "StudioHair.Core\StudioHair.Core.csproj", "{CBC29B1F-6AA5-40A7-85D3-7A1A0B22A3CC}"
EndProject
Project("{9A19103F-16F7-4668-BE54-9A1E7A4F7556}") = "StudioHair.Infrascruture", "StudioHair.Infrascruture\StudioHair.Infrascruture.csproj", "{98DEA074-9E78-4BCD-9790-95370F64F1A8}"
EndProject
Project("{9A19103F-16F7-4668-BE54-9A1E7A4F7556}") = "StudioHair.Infrascruture.IoC", "StudioHair.Infrascruture.IoC\StudioHair.Infrascruture.IoC.csproj", "{733C6F9A-7636-43B5-BE15-3B962E44D8D9}"
EndProject
Project("{9A19103F-16F7-4668-BE54-9A1E7A4F7556}") = "StudioHair.Application", "StudioHair.Application\StudioHair.Application.csproj", "{BE6BE88A-F436-4BA4-B2DC-3E9BD1AAE387}"
EndProject
Project("{9A19103F-16F7-4668-BE54-9A1E7A4F7556}") = "StudioHair.WebApp", "StudioHair.WebApp\StudioHair.WebApp.csproj", "{5BE8B425-99A7-4DC8-8132-EE1F8FBD88B8}"
EndProject
Project("{FAE04EC0-301F-11D3-BF4B-00C04F79EFBC}") = "StudioHair.Test", "StudioHair.Test\StudioHair.Test.csproj", "{E602BE9A-0FF4-49B1-95A7-52216E09DFA6}"
EndProject
Global
	GlobalSection(SolutionConfigurationPlatforms) = preSolution
		Debug|Any CPU = Debug|Any CPU
		Release|Any CPU = Release|Any CPU
	EndGlobalSection
	GlobalSection(ProjectConfigurationPlatforms) = postSolution
		{CBC29B1F-6AA5-40A7-85D3-7A1A0B22A3CC}.Debug|Any CPU.ActiveCfg = Debug|Any CPU
		{CBC29B1F-6AA5-40A7-85D3-7A1A0B22A3CC}.Debug|Any CPU.Build.0 = Debug|Any CPU
		{CBC29B1F-6AA5-40A7-85D3-7A1A0B22A3CC}.Release|Any CPU.ActiveCfg = Release|Any CPU
		{CBC29B1F-6AA5-40A7-85D3-7A1A0B22A3CC}.Release|Any CPU.Build.0 = Release|Any CPU
		{98DEA074-9E78-4BCD-9790-95370F64F1A8}.Debug|Any CPU.ActiveCfg = Debug|Any CPU
		{98DEA074-9E78-4BCD-9790-95370F64F1A8}.Debug|Any CPU.Build.0 = Debug|Any CPU
		{98DEA074-9E78-4BCD-9790-95370F64F1A8}.Release|Any CPU.ActiveCfg = Release|Any CPU
		{98DEA074-9E78-4BCD-9790-95370F64F1A8}.Release|Any CPU.Build.0 = Release|Any CPU
		{733C6F9A-7636-43B5-BE15-3B962E44D8D9}.Debug|Any CPU.ActiveCfg = Debug|Any CPU
		{733C6F9A-7636-43B5-BE15-3B962E44D8D9}.Debug|Any CPU.Build.0 = Debug|Any CPU
		{733C6F9A-7636-43B5-BE15-3B962E44D8D9}.Release|Any CPU.ActiveCfg = Release|Any CPU
		{733C6F9A-7636-43B5-BE15-3B962E44D8D9}.Release|Any CPU.Build.0 = Release|Any CPU
		{BE6BE88A-F436-4BA4-B2DC-3E9BD1AAE387}.Debug|Any CPU.ActiveCfg = Debug|Any CPU
		{BE6BE88A-F436-4BA4-B2DC-3E9BD1AAE387}.Debug|Any CPU.Build.0 = Debug|Any CPU
		{BE6BE88A-F436-4BA4-B2DC-3E9BD1AAE387}.Release|Any CPU.ActiveCfg = Release|Any CPU
		{BE6BE88A-F436-4BA4-B2DC-3E9BD1AAE387}.Release|Any CPU.Build.0 = Release|Any CPU
		{5BE8B425-99A7-4DC8-8132-EE1F8FBD88B8}.Debug|Any CPU.ActiveCfg = Debug|Any CPU
		{5BE8B425-99A7-4DC8-8132-EE1F8FBD88B8}.Debug|Any CPU.Build.0 = Debug|Any CPU
		{5BE8B425-99A7-4DC8-8132-EE1F8FBD88B8}.Release|Any CPU.ActiveCfg = Release|Any CPU
		{5BE8B425-99A7-4DC8-8132-EE1F8FBD88B8}.Release|Any CPU.Build.0 = Release|Any CPU
		{E602BE9A-0FF4-49B1-95A7-52216E09DFA6}.Debug|Any CPU.ActiveCfg = Debug|Any CPU
		{E602BE9A-0FF4-49B1-95A7-52216E09DFA6}.Debug|Any CPU.Build.0 = Debug|Any CPU
		{E602BE9A-0FF4-49B1-95A7-52216E09DFA6}.Release|Any CPU.ActiveCfg = Release|Any CPU
		{E602BE9A-0FF4-49B1-95A7-52216E09DFA6}.Release|Any CPU.Build.0 = Release|Any CPU
	EndGlobalSection
	GlobalSection(SolutionProperties) = preSolution
		HideSolutionNode = FALSE
	EndGlobalSection
	GlobalSection(ExtensibilityGlobals) = postSolution
		SolutionGuid = {086A7780-58DB-450B-933C-4B155616927B}
	EndGlobalSection
EndGlobal
